// !$*UTF8*$!
{
	archiveVersion = 1;
	classes = {
	};
	objectVersion = 56;
	objects = {

/* Begin PBXBuildFile section */
		4F36F32A2BA71BDC00D1CE40 /* AppDelegate.swift in Sources */ = {isa = PBXBuildFile; fileRef = 4F36F3292BA71BDC00D1CE40 /* AppDelegate.swift */; };
		4F36F32C2BA71BDC00D1CE40 /* SceneDelegate.swift in Sources */ = {isa = PBXBuildFile; fileRef = 4F36F32B2BA71BDC00D1CE40 /* SceneDelegate.swift */; };
		4F36F32E2BA71BDC00D1CE40 /* TabBarViewController.swift in Sources */ = {isa = PBXBuildFile; fileRef = 4F36F32D2BA71BDC00D1CE40 /* TabBarViewController.swift */; };
		4F36F3312BA71BDC00D1CE40 /* Base in Resources */ = {isa = PBXBuildFile; fileRef = 4F36F3302BA71BDC00D1CE40 /* Base */; };
		4F36F3332BA71BDE00D1CE40 /* Assets.xcassets in Resources */ = {isa = PBXBuildFile; fileRef = 4F36F3322BA71BDE00D1CE40 /* Assets.xcassets */; };
		4F36F3362BA71BDE00D1CE40 /* Base in Resources */ = {isa = PBXBuildFile; fileRef = 4F36F3352BA71BDE00D1CE40 /* Base */; };
		4F36F3412BA71C4300D1CE40 /* Activities.swift in Sources */ = {isa = PBXBuildFile; fileRef = 4F36F3402BA71C4300D1CE40 /* Activities.swift */; };
		4F92A6A72BA76AE500F8A579 /* RandomActivityViewController.swift in Sources */ = {isa = PBXBuildFile; fileRef = 4F92A6A62BA76AE500F8A579 /* RandomActivityViewController.swift */; };
		4F92A6AB2BAA26AB00F8A579 /* ParticipantsViewController.swift in Sources */ = {isa = PBXBuildFile; fileRef = 4F92A6AA2BAA26AB00F8A579 /* ParticipantsViewController.swift */; };
		4F92A6AD2BAA26CD00F8A579 /* TypeViewController.swift in Sources */ = {isa = PBXBuildFile; fileRef = 4F92A6AC2BAA26CD00F8A579 /* TypeViewController.swift */; };
		4F92A6AF2BAA2B7A00F8A579 /* FilterActivityViewController.swift in Sources */ = {isa = PBXBuildFile; fileRef = 4F92A6AE2BAA2B7A00F8A579 /* FilterActivityViewController.swift */; };
		4F92A6B12BAA45C400F8A579 /* HomeViewController.swift in Sources */ = {isa = PBXBuildFile; fileRef = 4F92A6B02BAA45C400F8A579 /* HomeViewController.swift */; };
		4F92A6B42BAB54B800F8A579 /* NetworkManager.swift in Sources */ = {isa = PBXBuildFile; fileRef = 4F92A6B32BAB54B800F8A579 /* NetworkManager.swift */; };
/* End PBXBuildFile section */

/* Begin PBXFileReference section */
		4F36F3262BA71BDC00D1CE40 /* ActivitiesApp.app */ = {isa = PBXFileReference; explicitFileType = wrapper.application; includeInIndex = 0; path = ActivitiesApp.app; sourceTree = BUILT_PRODUCTS_DIR; };
		4F36F3292BA71BDC00D1CE40 /* AppDelegate.swift */ = {isa = PBXFileReference; lastKnownFileType = sourcecode.swift; path = AppDelegate.swift; sourceTree = "<group>"; };
		4F36F32B2BA71BDC00D1CE40 /* SceneDelegate.swift */ = {isa = PBXFileReference; lastKnownFileType = sourcecode.swift; path = SceneDelegate.swift; sourceTree = "<group>"; };
		4F36F32D2BA71BDC00D1CE40 /* TabBarViewController.swift */ = {isa = PBXFileReference; lastKnownFileType = sourcecode.swift; path = TabBarViewController.swift; sourceTree = "<group>"; };
		4F36F3302BA71BDC00D1CE40 /* Base */ = {isa = PBXFileReference; lastKnownFileType = file.storyboard; name = Base; path = Base.lproj/Main.storyboard; sourceTree = "<group>"; };
		4F36F3322BA71BDE00D1CE40 /* Assets.xcassets */ = {isa = PBXFileReference; lastKnownFileType = folder.assetcatalog; path = Assets.xcassets; sourceTree = "<group>"; };
		4F36F3352BA71BDE00D1CE40 /* Base */ = {isa = PBXFileReference; lastKnownFileType = file.storyboard; name = Base; path = Base.lproj/LaunchScreen.storyboard; sourceTree = "<group>"; };
		4F36F3372BA71BDE00D1CE40 /* Info.plist */ = {isa = PBXFileReference; lastKnownFileType = text.plist.xml; path = Info.plist; sourceTree = "<group>"; };
		4F36F3402BA71C4300D1CE40 /* Activities.swift */ = {isa = PBXFileReference; lastKnownFileType = sourcecode.swift; path = Activities.swift; sourceTree = "<group>"; };
		4F92A6A62BA76AE500F8A579 /* RandomActivityViewController.swift */ = {isa = PBXFileReference; lastKnownFileType = sourcecode.swift; path = RandomActivityViewController.swift; sourceTree = "<group>"; };
		4F92A6AA2BAA26AB00F8A579 /* ParticipantsViewController.swift */ = {isa = PBXFileReference; lastKnownFileType = sourcecode.swift; path = ParticipantsViewController.swift; sourceTree = "<group>"; };
		4F92A6AC2BAA26CD00F8A579 /* TypeViewController.swift */ = {isa = PBXFileReference; lastKnownFileType = sourcecode.swift; path = TypeViewController.swift; sourceTree = "<group>"; };
		4F92A6AE2BAA2B7A00F8A579 /* FilterActivityViewController.swift */ = {isa = PBXFileReference; lastKnownFileType = sourcecode.swift; path = FilterActivityViewController.swift; sourceTree = "<group>"; };
		4F92A6B02BAA45C400F8A579 /* HomeViewController.swift */ = {isa = PBXFileReference; lastKnownFileType = sourcecode.swift; path = HomeViewController.swift; sourceTree = "<group>"; };
		4F92A6B32BAB54B800F8A579 /* NetworkManager.swift */ = {isa = PBXFileReference; lastKnownFileType = sourcecode.swift; path = NetworkManager.swift; sourceTree = "<group>"; };
/* End PBXFileReference section */

/* Begin PBXFrameworksBuildPhase section */
		4F36F3232BA71BDC00D1CE40 /* Frameworks */ = {
			isa = PBXFrameworksBuildPhase;
			buildActionMask = 2147483647;
			files = (
			);
			runOnlyForDeploymentPostprocessing = 0;
		};
/* End PBXFrameworksBuildPhase section */

/* Begin PBXGroup section */
		4F36F31D2BA71BDC00D1CE40 = {
			isa = PBXGroup;
			children = (
				4F36F3282BA71BDC00D1CE40 /* ActivitiesApp */,
				4F36F3272BA71BDC00D1CE40 /* Products */,
			);
			sourceTree = "<group>";
		};
		4F36F3272BA71BDC00D1CE40 /* Products */ = {
			isa = PBXGroup;
			children = (
				4F36F3262BA71BDC00D1CE40 /* ActivitiesApp.app */,
			);
			name = Products;
			sourceTree = "<group>";
		};
		4F36F3282BA71BDC00D1CE40 /* ActivitiesApp */ = {
			isa = PBXGroup;
			children = (
				4F36F33D2BA71BF300D1CE40 /* VewControllers */,
				4F36F33E2BA71C0B00D1CE40 /* Storyboards */,
				4F36F33F2BA71C1D00D1CE40 /* Models */,
				4F92A6B22BAB548A00F8A579 /* Services */,
				4F36F3322BA71BDE00D1CE40 /* Assets.xcassets */,
				4F36F3292BA71BDC00D1CE40 /* AppDelegate.swift */,
				4F36F32B2BA71BDC00D1CE40 /* SceneDelegate.swift */,
				4F36F3372BA71BDE00D1CE40 /* Info.plist */,
			);
			path = ActivitiesApp;
			sourceTree = "<group>";
		};
		4F36F33D2BA71BF300D1CE40 /* VewControllers */ = {
			isa = PBXGroup;
			children = (
				4F36F32D2BA71BDC00D1CE40 /* TabBarViewController.swift */,
				4F92A6B02BAA45C400F8A579 /* HomeViewController.swift */,
				4F92A6A62BA76AE500F8A579 /* RandomActivityViewController.swift */,
				4F92A6AE2BAA2B7A00F8A579 /* FilterActivityViewController.swift */,
				4F92A6AA2BAA26AB00F8A579 /* ParticipantsViewController.swift */,
				4F92A6AC2BAA26CD00F8A579 /* TypeViewController.swift */,
			);
			path = VewControllers;
			sourceTree = "<group>";
		};
		4F36F33E2BA71C0B00D1CE40 /* Storyboards */ = {
			isa = PBXGroup;
			children = (
				4F36F3342BA71BDE00D1CE40 /* LaunchScreen.storyboard */,
				4F36F32F2BA71BDC00D1CE40 /* Main.storyboard */,
			);
			path = Storyboards;
			sourceTree = "<group>";
		};
		4F36F33F2BA71C1D00D1CE40 /* Models */ = {
			isa = PBXGroup;
			children = (
				4F36F3402BA71C4300D1CE40 /* Activities.swift */,
			);
			path = Models;
			sourceTree = "<group>";
		};
		4F92A6B22BAB548A00F8A579 /* Services */ = {
			isa = PBXGroup;
			children = (
				4F92A6B32BAB54B800F8A579 /* NetworkManager.swift */,
			);
			path = Services;
			sourceTree = "<group>";
		};
/* End PBXGroup section */

/* Begin PBXNativeTarget section */
		4F36F3252BA71BDC00D1CE40 /* ActivitiesApp */ = {
			isa = PBXNativeTarget;
			buildConfigurationList = 4F36F33A2BA71BDE00D1CE40 /* Build configuration list for PBXNativeTarget "ActivitiesApp" */;
			buildPhases = (
				4F36F3222BA71BDC00D1CE40 /* Sources */,
				4F36F3232BA71BDC00D1CE40 /* Frameworks */,
				4F36F3242BA71BDC00D1CE40 /* Resources */,
			);
			buildRules = (
			);
			dependencies = (
			);
			name = ActivitiesApp;
			productName = ActivitiesApp;
			productReference = 4F36F3262BA71BDC00D1CE40 /* ActivitiesApp.app */;
			productType = "com.apple.product-type.application";
		};
/* End PBXNativeTarget section */

/* Begin PBXProject section */
		4F36F31E2BA71BDC00D1CE40 /* Project object */ = {
			isa = PBXProject;
			attributes = {
				BuildIndependentTargetsInParallel = 1;
				LastSwiftUpdateCheck = 1530;
				LastUpgradeCheck = 1530;
				TargetAttributes = {
					4F36F3252BA71BDC00D1CE40 = {
						CreatedOnToolsVersion = 15.3;
					};
				};
			};
			buildConfigurationList = 4F36F3212BA71BDC00D1CE40 /* Build configuration list for PBXProject "ActivitiesApp" */;
			compatibilityVersion = "Xcode 14.0";
			developmentRegion = en;
			hasScannedForEncodings = 0;
			knownRegions = (
				en,
				Base,
			);
			mainGroup = 4F36F31D2BA71BDC00D1CE40;
			productRefGroup = 4F36F3272BA71BDC00D1CE40 /* Products */;
			projectDirPath = "";
			projectRoot = "";
			targets = (
				4F36F3252BA71BDC00D1CE40 /* ActivitiesApp */,
			);
		};
/* End PBXProject section */

/* Begin PBXResourcesBuildPhase section */
		4F36F3242BA71BDC00D1CE40 /* Resources */ = {
			isa = PBXResourcesBuildPhase;
			buildActionMask = 2147483647;
			files = (
				4F36F3332BA71BDE00D1CE40 /* Assets.xcassets in Resources */,
				4F36F3362BA71BDE00D1CE40 /* Base in Resources */,
				4F36F3312BA71BDC00D1CE40 /* Base in Resources */,
			);
			runOnlyForDeploymentPostprocessing = 0;
		};
/* End PBXResourcesBuildPhase section */

/* Begin PBXSourcesBuildPhase section */
		4F36F3222BA71BDC00D1CE40 /* Sources */ = {
			isa = PBXSourcesBuildPhase;
			buildActionMask = 2147483647;
			files = (
				4F92A6AB2BAA26AB00F8A579 /* ParticipantsViewController.swift in Sources */,
				4F36F3412BA71C4300D1CE40 /* Activities.swift in Sources */,
				4F36F32E2BA71BDC00D1CE40 /* TabBarViewController.swift in Sources */,
				4F92A6AF2BAA2B7A00F8A579 /* FilterActivityViewController.swift in Sources */,
				4F92A6B42BAB54B800F8A579 /* NetworkManager.swift in Sources */,
				4F92A6B12BAA45C400F8A579 /* HomeViewController.swift in Sources */,
				4F92A6AD2BAA26CD00F8A579 /* TypeViewController.swift in Sources */,
				4F92A6A72BA76AE500F8A579 /* RandomActivityViewController.swift in Sources */,
				4F36F32A2BA71BDC00D1CE40 /* AppDelegate.swift in Sources */,
				4F36F32C2BA71BDC00D1CE40 /* SceneDelegate.swift in Sources */,
			);
			runOnlyForDeploymentPostprocessing = 0;
		};
/* End PBXSourcesBuildPhase section */

/* Begin PBXVariantGroup section */
		4F36F32F2BA71BDC00D1CE40 /* Main.storyboard */ = {
			isa = PBXVariantGroup;
			children = (
				4F36F3302BA71BDC00D1CE40 /* Base */,
			);
			name = Main.storyboard;
			sourceTree = "<group>";
		};
		4F36F3342BA71BDE00D1CE40 /* LaunchScreen.storyboard */ = {
			isa = PBXVariantGroup;
			children = (
				4F36F3352BA71BDE00D1CE40 /* Base */,
			);
			name = LaunchScreen.storyboard;
			sourceTree = "<group>";
		};
/* End PBXVariantGroup section */

/* Begin XCBuildConfiguration section */
		4F36F3382BA71BDE00D1CE40 /* Debug */ = {
			isa = XCBuildConfiguration;
			buildSettings = {
				ALWAYS_SEARCH_USER_PATHS = NO;
				ASSETCATALOG_COMPILER_GENERATE_SWIFT_ASSET_SYMBOL_EXTENSIONS = YES;
				CLANG_ANALYZER_NONNULL = YES;
				CLANG_ANALYZER_NUMBER_OBJECT_CONVERSION = YES_AGGRESSIVE;
				CLANG_CXX_LANGUAGE_STANDARD = "gnu++20";
				CLANG_ENABLE_MODULES = YES;
				CLANG_ENABLE_OBJC_ARC = YES;
				CLANG_ENABLE_OBJC_WEAK = YES;
				CLANG_WARN_BLOCK_CAPTURE_AUTORELEASING = YES;
				CLANG_WARN_BOOL_CONVERSION = YES;
				CLANG_WARN_COMMA = YES;
				CLANG_WARN_CONSTANT_CONVERSION = YES;
				CLANG_WARN_DEPRECATED_OBJC_IMPLEMENTATIONS = YES;
				CLANG_WARN_DIRECT_OBJC_ISA_USAGE = YES_ERROR;
				CLANG_WARN_DOCUMENTATION_COMMENTS = YES;
				CLANG_WARN_EMPTY_BODY = YES;
				CLANG_WARN_ENUM_CONVERSION = YES;
				CLANG_WARN_INFINITE_RECURSION = YES;
				CLANG_WARN_INT_CONVERSION = YES;
				CLANG_WARN_NON_LITERAL_NULL_CONVERSION = YES;
				CLANG_WARN_OBJC_IMPLICIT_RETAIN_SELF = YES;
				CLANG_WARN_OBJC_LITERAL_CONVERSION = YES;
				CLANG_WARN_OBJC_ROOT_CLASS = YES_ERROR;
				CLANG_WARN_QUOTED_INCLUDE_IN_FRAMEWORK_HEADER = YES;
				CLANG_WARN_RANGE_LOOP_ANALYSIS = YES;
				CLANG_WARN_STRICT_PROTOTYPES = YES;
				CLANG_WARN_SUSPICIOUS_MOVE = YES;
				CLANG_WARN_UNGUARDED_AVAILABILITY = YES_AGGRESSIVE;
				CLANG_WARN_UNREACHABLE_CODE = YES;
				CLANG_WARN__DUPLICATE_METHOD_MATCH = YES;
				COPY_PHASE_STRIP = NO;
				DEBUG_INFORMATION_FORMAT = dwarf;
				ENABLE_STRICT_OBJC_MSGSEND = YES;
				ENABLE_TESTABILITY = YES;
				ENABLE_USER_SCRIPT_SANDBOXING = YES;
				GCC_C_LANGUAGE_STANDARD = gnu17;
				GCC_DYNAMIC_NO_PIC = NO;
				GCC_NO_COMMON_BLOCKS = YES;
				GCC_OPTIMIZATION_LEVEL = 0;
				GCC_PREPROCESSOR_DEFINITIONS = (
					"DEBUG=1",
					"$(inherited)",
				);
				GCC_WARN_64_TO_32_BIT_CONVERSION = YES;
				GCC_WARN_ABOUT_RETURN_TYPE = YES_ERROR;
				GCC_WARN_UNDECLARED_SELECTOR = YES;
				GCC_WARN_UNINITIALIZED_AUTOS = YES_AGGRESSIVE;
				GCC_WARN_UNUSED_FUNCTION = YES;
				GCC_WARN_UNUSED_VARIABLE = YES;
				IPHONEOS_DEPLOYMENT_TARGET = 17.4;
				LOCALIZATION_PREFERS_STRING_CATALOGS = YES;
				MTL_ENABLE_DEBUG_INFO = INCLUDE_SOURCE;
				MTL_FAST_MATH = YES;
				ONLY_ACTIVE_ARCH = YES;
				SDKROOT = iphoneos;
				SWIFT_ACTIVE_COMPILATION_CONDITIONS = "DEBUG $(inherited)";
				SWIFT_OPTIMIZATION_LEVEL = "-Onone";
			};
			name = Debug;
		};
		4F36F3392BA71BDE00D1CE40 /* Release */ = {
			isa = XCBuildConfiguration;
			buildSettings = {
				ALWAYS_SEARCH_USER_PATHS = NO;
				ASSETCATALOG_COMPILER_GENERATE_SWIFT_ASSET_SYMBOL_EXTENSIONS = YES;
				CLANG_ANALYZER_NONNULL = YES;
				CLANG_ANALYZER_NUMBER_OBJECT_CONVERSION = YES_AGGRESSIVE;
				CLANG_CXX_LANGUAGE_STANDARD = "gnu++20";
				CLANG_ENABLE_MODULES = YES;
				CLANG_ENABLE_OBJC_ARC = YES;
				CLANG_ENABLE_OBJC_WEAK = YES;
				CLANG_WARN_BLOCK_CAPTURE_AUTORELEASING = YES;
				CLANG_WARN_BOOL_CONVERSION = YES;
				CLANG_WARN_COMMA = YES;
				CLANG_WARN_CONSTANT_CONVERSION = YES;
				CLANG_WARN_DEPRECATED_OBJC_IMPLEMENTATIONS = YES;
				CLANG_WARN_DIRECT_OBJC_ISA_USAGE = YES_ERROR;
				CLANG_WARN_DOCUMENTATION_COMMENTS = YES;
				CLANG_WARN_EMPTY_BODY = YES;
				CLANG_WARN_ENUM_CONVERSION = YES;
				CLANG_WARN_INFINITE_RECURSION = YES;
				CLANG_WARN_INT_CONVERSION = YES;
				CLANG_WARN_NON_LITERAL_NULL_CONVERSION = YES;
				CLANG_WARN_OBJC_IMPLICIT_RETAIN_SELF = YES;
				CLANG_WARN_OBJC_LITERAL_CONVERSION = YES;
				CLANG_WARN_OBJC_ROOT_CLASS = YES_ERROR;
				CLANG_WARN_QUOTED_INCLUDE_IN_FRAMEWORK_HEADER = YES;
				CLANG_WARN_RANGE_LOOP_ANALYSIS = YES;
				CLANG_WARN_STRICT_PROTOTYPES = YES;
				CLANG_WARN_SUSPICIOUS_MOVE = YES;
				CLANG_WARN_UNGUARDED_AVAILABILITY = YES_AGGRESSIVE;
				CLANG_WARN_UNREACHABLE_CODE = YES;
				CLANG_WARN__DUPLICATE_METHOD_MATCH = YES;
				COPY_PHASE_STRIP = NO;
				DEBUG_INFORMATION_FORMAT = "dwarf-with-dsym";
				ENABLE_NS_ASSERTIONS = NO;
				ENABLE_STRICT_OBJC_MSGSEND = YES;
				ENABLE_USER_SCRIPT_SANDBOXING = YES;
				GCC_C_LANGUAGE_STANDARD = gnu17;
				GCC_NO_COMMON_BLOCKS = YES;
				GCC_WARN_64_TO_32_BIT_CONVERSION = YES;
				GCC_WARN_ABOUT_RETURN_TYPE = YES_ERROR;
				GCC_WARN_UNDECLARED_SELECTOR = YES;
				GCC_WARN_UNINITIALIZED_AUTOS = YES_AGGRESSIVE;
				GCC_WARN_UNUSED_FUNCTION = YES;
				GCC_WARN_UNUSED_VARIABLE = YES;
				IPHONEOS_DEPLOYMENT_TARGET = 17.4;
				LOCALIZATION_PREFERS_STRING_CATALOGS = YES;
				MTL_ENABLE_DEBUG_INFO = NO;
				MTL_FAST_MATH = YES;
				SDKROOT = iphoneos;
				SWIFT_COMPILATION_MODE = wholemodule;
				VALIDATE_PRODUCT = YES;
			};
			name = Release;
		};
		4F36F33B2BA71BDE00D1CE40 /* Debug */ = {
			isa = XCBuildConfiguration;
			buildSettings = {
				ASSETCATALOG_COMPILER_APPICON_NAME = AppIcon;
				ASSETCATALOG_COMPILER_GLOBAL_ACCENT_COLOR_NAME = AccentColor;
				CODE_SIGN_STYLE = Automatic;
				CURRENT_PROJECT_VERSION = 1;
				DEVELOPMENT_TEAM = UK4DJ3RCL4;
				GENERATE_INFOPLIST_FILE = YES;
				INFOPLIST_FILE = ActivitiesApp/Info.plist;
				INFOPLIST_KEY_UIApplicationSupportsIndirectInputEvents = YES;
				INFOPLIST_KEY_UILaunchStoryboardName = LaunchScreen;
				INFOPLIST_KEY_UIMainStoryboardFile = Main;
				INFOPLIST_KEY_UISupportedInterfaceOrientations_iPad = "UIInterfaceOrientationPortrait UIInterfaceOrientationPortraitUpsideDown UIInterfaceOrientationLandscapeLeft UIInterfaceOrientationLandscapeRight";
				INFOPLIST_KEY_UISupportedInterfaceOrientations_iPhone = "UIInterfaceOrientationPortrait UIInterfaceOrientationLandscapeLeft UIInterfaceOrientationLandscapeRight";
				LD_RUNPATH_SEARCH_PATHS = (
					"$(inherited)",
					"@executable_path/Frameworks",
				);
				MARKETING_VERSION = 1.0;
				PRODUCT_BUNDLE_IDENTIFIER = com.Carlosgarciaperez.ActivitiesApp;
				PRODUCT_NAME = "$(TARGET_NAME)";
				SWIFT_EMIT_LOC_STRINGS = YES;
				SWIFT_VERSION = 5.0;
				TARGETED_DEVICE_FAMILY = "1,2";
			};
			name = Debug;
		};
		4F36F33C2BA71BDE00D1CE40 /* Release */ = {
			isa = XCBuildConfiguration;
			buildSettings = {
				ASSETCATALOG_COMPILER_APPICON_NAME = AppIcon;
				ASSETCATALOG_COMPILER_GLOBAL_ACCENT_COLOR_NAME = AccentColor;
				CODE_SIGN_STYLE = Automatic;
				CURRENT_PROJECT_VERSION = 1;
				DEVELOPMENT_TEAM = UK4DJ3RCL4;
				GENERATE_INFOPLIST_FILE = YES;
				INFOPLIST_FILE = ActivitiesApp/Info.plist;
				INFOPLIST_KEY_UIApplicationSupportsIndirectInputEvents = YES;
				INFOPLIST_KEY_UILaunchStoryboardName = LaunchScreen;
				INFOPLIST_KEY_UIMainStoryboardFile = Main;
				INFOPLIST_KEY_UISupportedInterfaceOrientations_iPad = "UIInterfaceOrientationPortrait UIInterfaceOrientationPortraitUpsideDown UIInterfaceOrientationLandscapeLeft UIInterfaceOrientationLandscapeRight";
				INFOPLIST_KEY_UISupportedInterfaceOrientations_iPhone = "UIInterfaceOrientationPortrait UIInterfaceOrientationLandscapeLeft UIInterfaceOrientationLandscapeRight";
				LD_RUNPATH_SEARCH_PATHS = (
					"$(inherited)",
					"@executable_path/Frameworks",
				);
				MARKETING_VERSION = 1.0;
				PRODUCT_BUNDLE_IDENTIFIER = com.Carlosgarciaperez.ActivitiesApp;
				PRODUCT_NAME = "$(TARGET_NAME)";
				SWIFT_EMIT_LOC_STRINGS = YES;
				SWIFT_VERSION = 5.0;
				TARGETED_DEVICE_FAMILY = "1,2";
			};
			name = Release;
		};
/* End XCBuildConfiguration section */

/* Begin XCConfigurationList section */
		4F36F3212BA71BDC00D1CE40 /* Build configuration list for PBXProject "ActivitiesApp" */ = {
			isa = XCConfigurationList;
			buildConfigurations = (
				4F36F3382BA71BDE00D1CE40 /* Debug */,
				4F36F3392BA71BDE00D1CE40 /* Release */,
			);
			defaultConfigurationIsVisible = 0;
			defaultConfigurationName = Release;
		};
		4F36F33A2BA71BDE00D1CE40 /* Build configuration list for PBXNativeTarget "ActivitiesApp" */ = {
			isa = XCConfigurationList;
			buildConfigurations = (
				4F36F33B2BA71BDE00D1CE40 /* Debug */,
				4F36F33C2BA71BDE00D1CE40 /* Release */,
			);
			defaultConfigurationIsVisible = 0;
			defaultConfigurationName = Release;
		};
/* End XCConfigurationList section */
	};
	rootObject = 4F36F31E2BA71BDC00D1CE40 /* Project object */;
}
